
Microsoft Visual Studio Solution File, Format Version 12.00
# Visual Studio Version 17
VisualStudioVersion = 17.2.32616.157
MinimumVisualStudioVersion = 10.0.40219.1
Project("{9A19103F-16F7-4668-BE54-9A1E7A4F7556}") = "GeoObjectModel.API", "GeoObjectModel\GeoObjectModel.API.csproj", "{14E70B01-5E2F-42F5-AEAE-EC20D2C2F859}"
EndProject
Project("{9A19103F-16F7-4668-BE54-9A1E7A4F7556}") = "GeoObjectModel.Domain", "GeoObjectModel.Domain\GeoObjectModel.Domain.csproj", "{67F26197-B7C8-40CD-AC59-565878DA9F79}"
EndProject
Project("{9A19103F-16F7-4668-BE54-9A1E7A4F7556}") = "GeoObjectModel.Infrostraction", "GeoObjectModel.Infrostraction\GeoObjectModel.Infrostraction.csproj", "{B78BD4D9-335C-429F-92F1-32BC0FB1C53F}"
EndProject
Project("{FAE04EC0-301F-11D3-BF4B-00C04F79EFBC}") = "TestProject1", "TestProject1\TestProject1.csproj", "{4C46D321-C30A-4403-A53B-B25450EC77D5}"
EndProject
Global
	GlobalSection(SolutionConfigurationPlatforms) = preSolution
		Debug|Any CPU = Debug|Any CPU
		Release|Any CPU = Release|Any CPU
	EndGlobalSection
	GlobalSection(ProjectConfigurationPlatforms) = postSolution
		{14E70B01-5E2F-42F5-AEAE-EC20D2C2F859}.Debug|Any CPU.ActiveCfg = Debug|Any CPU
		{14E70B01-5E2F-42F5-AEAE-EC20D2C2F859}.Debug|Any CPU.Build.0 = Debug|Any CPU
		{14E70B01-5E2F-42F5-AEAE-EC20D2C2F859}.Release|Any CPU.ActiveCfg = Release|Any CPU
		{14E70B01-5E2F-42F5-AEAE-EC20D2C2F859}.Release|Any CPU.Build.0 = Release|Any CPU
		{67F26197-B7C8-40CD-AC59-565878DA9F79}.Debug|Any CPU.ActiveCfg = Debug|Any CPU
		{67F26197-B7C8-40CD-AC59-565878DA9F79}.Debug|Any CPU.Build.0 = Debug|Any CPU
		{67F26197-B7C8-40CD-AC59-565878DA9F79}.Release|Any CPU.ActiveCfg = Release|Any CPU
		{67F26197-B7C8-40CD-AC59-565878DA9F79}.Release|Any CPU.Build.0 = Release|Any CPU
		{B78BD4D9-335C-429F-92F1-32BC0FB1C53F}.Debug|Any CPU.ActiveCfg = Debug|Any CPU
		{B78BD4D9-335C-429F-92F1-32BC0FB1C53F}.Debug|Any CPU.Build.0 = Debug|Any CPU
		{B78BD4D9-335C-429F-92F1-32BC0FB1C53F}.Release|Any CPU.ActiveCfg = Release|Any CPU
		{B78BD4D9-335C-429F-92F1-32BC0FB1C53F}.Release|Any CPU.Build.0 = Release|Any CPU
		{4C46D321-C30A-4403-A53B-B25450EC77D5}.Debug|Any CPU.ActiveCfg = Debug|Any CPU
		{4C46D321-C30A-4403-A53B-B25450EC77D5}.Debug|Any CPU.Build.0 = Debug|Any CPU
		{4C46D321-C30A-4403-A53B-B25450EC77D5}.Release|Any CPU.ActiveCfg = Release|Any CPU
		{4C46D321-C30A-4403-A53B-B25450EC77D5}.Release|Any CPU.Build.0 = Release|Any CPU
	EndGlobalSection
	GlobalSection(SolutionProperties) = preSolution
		HideSolutionNode = FALSE
	EndGlobalSection
	GlobalSection(ExtensibilityGlobals) = postSolution
		SolutionGuid = {BDFF7E37-D8E8-4AFB-B05E-DB7F45DC7273}
	EndGlobalSection
EndGlobal
